
Microsoft Visual Studio Solution File, Format Version 12.00
# Visual Studio 15
VisualStudioVersion = 15.0.27130.2027
MinimumVisualStudioVersion = 10.0.40219.1
Project("{9A19103F-16F7-4668-BE54-9A1E7A4F7556}") = "Tizen.TV.UIControls.Forms", "src\Tizen.TV.UIControls.Forms\Tizen.TV.UIControls.Forms.csproj", "{D9FD721B-B73A-489A-BBBB-7297E4E16A9F}"
EndProject
EndProject
Project("{9A19103F-16F7-4668-BE54-9A1E7A4F7556}") = "Sample", "sample\Sample\Sample.csproj", "{9DEC96CB-35D8-4BA8-BEAC-50F7FA27785C}"
EndProject
Project("{9A19103F-16F7-4668-BE54-9A1E7A4F7556}") = "Sample.Tizen", "sample\Sample.Tizen\Sample.Tizen.csproj", "{DC5B455F-F5C8-473E-B69C-1DCB7609121E}"
EndProject
Project("{2150E333-8FDC-42A3-9474-1A3956D46DE8}") = "SampleApp", "SampleApp", "{F86ED170-4FB5-449B-A339-18ADC6D9EC54}"
EndProject
Global
	GlobalSection(SolutionConfigurationPlatforms) = preSolution
		Debug|Any CPU = Debug|Any CPU
		Release|Any CPU = Release|Any CPU
	EndGlobalSection
	GlobalSection(ProjectConfigurationPlatforms) = postSolution
		{D9FD721B-B73A-489A-BBBB-7297E4E16A9F}.Debug|Any CPU.ActiveCfg = Debug|Any CPU
		{D9FD721B-B73A-489A-BBBB-7297E4E16A9F}.Debug|Any CPU.Build.0 = Debug|Any CPU
		{D9FD721B-B73A-489A-BBBB-7297E4E16A9F}.Release|Any CPU.ActiveCfg = Release|Any CPU
		{D9FD721B-B73A-489A-BBBB-7297E4E16A9F}.Release|Any CPU.Build.0 = Release|Any CPU
		{9DEC96CB-35D8-4BA8-BEAC-50F7FA27785C}.Debug|Any CPU.ActiveCfg = Debug|Any CPU
		{9DEC96CB-35D8-4BA8-BEAC-50F7FA27785C}.Debug|Any CPU.Build.0 = Debug|Any CPU
		{9DEC96CB-35D8-4BA8-BEAC-50F7FA27785C}.Release|Any CPU.ActiveCfg = Release|Any CPU
		{9DEC96CB-35D8-4BA8-BEAC-50F7FA27785C}.Release|Any CPU.Build.0 = Release|Any CPU
		{DC5B455F-F5C8-473E-B69C-1DCB7609121E}.Debug|Any CPU.ActiveCfg = Debug|Any CPU
		{DC5B455F-F5C8-473E-B69C-1DCB7609121E}.Debug|Any CPU.Build.0 = Debug|Any CPU
		{DC5B455F-F5C8-473E-B69C-1DCB7609121E}.Release|Any CPU.ActiveCfg = Release|Any CPU
		{DC5B455F-F5C8-473E-B69C-1DCB7609121E}.Release|Any CPU.Build.0 = Release|Any CPU
	EndGlobalSection
	GlobalSection(SolutionProperties) = preSolution
		HideSolutionNode = FALSE
	EndGlobalSection
	GlobalSection(NestedProjects) = preSolution
		{9DEC96CB-35D8-4BA8-BEAC-50F7FA27785C} = {F86ED170-4FB5-449B-A339-18ADC6D9EC54}
		{DC5B455F-F5C8-473E-B69C-1DCB7609121E} = {F86ED170-4FB5-449B-A339-18ADC6D9EC54}
	EndGlobalSection
	GlobalSection(ExtensibilityGlobals) = postSolution
		SolutionGuid = {1AD9CAA0-D7B1-4258-99D1-FAA38DD3CC22}
	EndGlobalSection
EndGlobal
