
Microsoft Visual Studio Solution File, Format Version 12.00
# Visual Studio 15
VisualStudioVersion = 15.0.27703.2035
MinimumVisualStudioVersion = 10.0.40219.1
Project("{9A19103F-16F7-4668-BE54-9A1E7A4F7556}") = "TMDb", "TMDb\TMDb\TMDb.csproj", "{FC531EE5-F428-4E70-9B9D-60511F941E4A}"
EndProject
Project("{9A19103F-16F7-4668-BE54-9A1E7A4F7556}") = "TMDb.Tizen", "TMDb\TMDb.Tizen\TMDb.Tizen.csproj", "{CF1ACACA-2085-4B25-A97F-BE6F2E56D45D}"
EndProject
Project("{9A19103F-16F7-4668-BE54-9A1E7A4F7556}") = "Tizen.TV.UIControls.Forms", "..\..\..\..\Tizen.TV.UIControls\src\Tizen.TV.UIControls.Forms\Tizen.TV.UIControls.Forms.csproj", "{DDE81E4E-2941-4190-A777-D505A0D617DA}"
EndProject
Global
	GlobalSection(SolutionConfigurationPlatforms) = preSolution
		Debug|Any CPU = Debug|Any CPU
		Release|Any CPU = Release|Any CPU
	EndGlobalSection
	GlobalSection(ProjectConfigurationPlatforms) = postSolution
		{FC531EE5-F428-4E70-9B9D-60511F941E4A}.Debug|Any CPU.ActiveCfg = Debug|Any CPU
		{FC531EE5-F428-4E70-9B9D-60511F941E4A}.Debug|Any CPU.Build.0 = Debug|Any CPU
		{FC531EE5-F428-4E70-9B9D-60511F941E4A}.Release|Any CPU.ActiveCfg = Release|Any CPU
		{FC531EE5-F428-4E70-9B9D-60511F941E4A}.Release|Any CPU.Build.0 = Release|Any CPU
		{CF1ACACA-2085-4B25-A97F-BE6F2E56D45D}.Debug|Any CPU.ActiveCfg = Debug|Any CPU
		{CF1ACACA-2085-4B25-A97F-BE6F2E56D45D}.Debug|Any CPU.Build.0 = Debug|Any CPU
		{CF1ACACA-2085-4B25-A97F-BE6F2E56D45D}.Release|Any CPU.ActiveCfg = Release|Any CPU
		{CF1ACACA-2085-4B25-A97F-BE6F2E56D45D}.Release|Any CPU.Build.0 = Release|Any CPU
		{DDE81E4E-2941-4190-A777-D505A0D617DA}.Debug|Any CPU.ActiveCfg = Debug|Any CPU
		{DDE81E4E-2941-4190-A777-D505A0D617DA}.Debug|Any CPU.Build.0 = Debug|Any CPU
		{DDE81E4E-2941-4190-A777-D505A0D617DA}.Release|Any CPU.ActiveCfg = Release|Any CPU
		{DDE81E4E-2941-4190-A777-D505A0D617DA}.Release|Any CPU.Build.0 = Release|Any CPU
	EndGlobalSection
	GlobalSection(SolutionProperties) = preSolution
		HideSolutionNode = FALSE
	EndGlobalSection
	GlobalSection(ExtensibilityGlobals) = postSolution
		SolutionGuid = {8411165F-8AC4-457F-882A-FCF2A9793A29}
	EndGlobalSection
EndGlobal
